
Microsoft Visual Studio Solution File, Format Version 12.00
Project("{2150E333-8FDC-42A3-9474-1A3956D46DE8}") = "aspire", "aspire", "{161322E2-7D2D-48B1-B617-1465BF54D15E}"
EndProject
Project("{FAE04EC0-301F-11D3-BF4B-00C04F79EFBC}") = "FileFlow.ServiceDefaults", "aspire\FileFlow.ServiceDefaults\FileFlow.ServiceDefaults.csproj", "{D41A113C-668E-43BC-8583-1CC6B53ACF78}"
EndProject
Project("{FAE04EC0-301F-11D3-BF4B-00C04F79EFBC}") = "FileFlow.AppHost", "aspire\FileFlow.AppHost\FileFlow.AppHost.csproj", "{C56F8FE1-0553-4D3A-99D3-D253456E9B07}"
EndProject
Project("{2150E333-8FDC-42A3-9474-1A3956D46DE8}") = "src", "src", "{DB455B87-419F-45CD-AA7A-5A3288E6B650}"
EndProject
Project("{2150E333-8FDC-42A3-9474-1A3956D46DE8}") = "Solution Items", "Solution Items", "{7957989F-B292-42A0-B783-987CD46C754B}"
	ProjectSection(SolutionItems) = preProject
		Directory.Build.props = Directory.Build.props
		Directory.Packages.props = Directory.Packages.props
	EndProjectSection
EndProject
Project("{FAE04EC0-301F-11D3-BF4B-00C04F79EFBC}") = "FileFlow.Api", "src\FileFlow.Api\FileFlow.Api.csproj", "{D8EC5966-6ACE-4CF9-84C4-E2EC4A943605}"
EndProject
Project("{FAE04EC0-301F-11D3-BF4B-00C04F79EFBC}") = "FileFlow.Data", "src\FileFlow.Data\FileFlow.Data.csproj", "{E371CB48-8358-45FE-B833-B4278FDCDE71}"
EndProject
Project("{FAE04EC0-301F-11D3-BF4B-00C04F79EFBC}") = "FileFlow.MigrationService", "src\FileFlow.MigrationService\FileFlow.MigrationService.csproj", "{500DAB1B-F82F-4ED8-B130-062B37405059}"
EndProject
Project("{FAE04EC0-301F-11D3-BF4B-00C04F79EFBC}") = "FileFlow.Shared", "src\FileFlow.Shared\FileFlow.Shared.csproj", "{5E832FBF-85C7-44D2-81AA-E01DA8FB3CEE}"
EndProject
Project("{FAE04EC0-301F-11D3-BF4B-00C04F79EFBC}") = "FileFlow.Application", "src\FileFlow.Application\FileFlow.Application.csproj", "{5936FAC8-50B7-40E5-BC12-8828F75DA316}"
EndProject
Global
	GlobalSection(SolutionConfigurationPlatforms) = preSolution
		Debug|Any CPU = Debug|Any CPU
		Release|Any CPU = Release|Any CPU
	EndGlobalSection
	GlobalSection(ProjectConfigurationPlatforms) = postSolution
		{D41A113C-668E-43BC-8583-1CC6B53ACF78}.Debug|Any CPU.ActiveCfg = Debug|Any CPU
		{D41A113C-668E-43BC-8583-1CC6B53ACF78}.Debug|Any CPU.Build.0 = Debug|Any CPU
		{D41A113C-668E-43BC-8583-1CC6B53ACF78}.Release|Any CPU.ActiveCfg = Release|Any CPU
		{D41A113C-668E-43BC-8583-1CC6B53ACF78}.Release|Any CPU.Build.0 = Release|Any CPU
		{C56F8FE1-0553-4D3A-99D3-D253456E9B07}.Debug|Any CPU.ActiveCfg = Debug|Any CPU
		{C56F8FE1-0553-4D3A-99D3-D253456E9B07}.Debug|Any CPU.Build.0 = Debug|Any CPU
		{C56F8FE1-0553-4D3A-99D3-D253456E9B07}.Release|Any CPU.ActiveCfg = Release|Any CPU
		{C56F8FE1-0553-4D3A-99D3-D253456E9B07}.Release|Any CPU.Build.0 = Release|Any CPU
		{D8EC5966-6ACE-4CF9-84C4-E2EC4A943605}.Debug|Any CPU.ActiveCfg = Debug|Any CPU
		{D8EC5966-6ACE-4CF9-84C4-E2EC4A943605}.Debug|Any CPU.Build.0 = Debug|Any CPU
		{D8EC5966-6ACE-4CF9-84C4-E2EC4A943605}.Release|Any CPU.ActiveCfg = Release|Any CPU
		{D8EC5966-6ACE-4CF9-84C4-E2EC4A943605}.Release|Any CPU.Build.0 = Release|Any CPU
		{E371CB48-8358-45FE-B833-B4278FDCDE71}.Debug|Any CPU.ActiveCfg = Debug|Any CPU
		{E371CB48-8358-45FE-B833-B4278FDCDE71}.Debug|Any CPU.Build.0 = Debug|Any CPU
		{E371CB48-8358-45FE-B833-B4278FDCDE71}.Release|Any CPU.ActiveCfg = Release|Any CPU
		{E371CB48-8358-45FE-B833-B4278FDCDE71}.Release|Any CPU.Build.0 = Release|Any CPU
		{500DAB1B-F82F-4ED8-B130-062B37405059}.Debug|Any CPU.ActiveCfg = Debug|Any CPU
		{500DAB1B-F82F-4ED8-B130-062B37405059}.Debug|Any CPU.Build.0 = Debug|Any CPU
		{500DAB1B-F82F-4ED8-B130-062B37405059}.Release|Any CPU.ActiveCfg = Release|Any CPU
		{500DAB1B-F82F-4ED8-B130-062B37405059}.Release|Any CPU.Build.0 = Release|Any CPU
		{5E832FBF-85C7-44D2-81AA-E01DA8FB3CEE}.Debug|Any CPU.ActiveCfg = Debug|Any CPU
		{5E832FBF-85C7-44D2-81AA-E01DA8FB3CEE}.Debug|Any CPU.Build.0 = Debug|Any CPU
		{5E832FBF-85C7-44D2-81AA-E01DA8FB3CEE}.Release|Any CPU.ActiveCfg = Release|Any CPU
		{5E832FBF-85C7-44D2-81AA-E01DA8FB3CEE}.Release|Any CPU.Build.0 = Release|Any CPU
		{5936FAC8-50B7-40E5-BC12-8828F75DA316}.Debug|Any CPU.ActiveCfg = Debug|Any CPU
		{5936FAC8-50B7-40E5-BC12-8828F75DA316}.Debug|Any CPU.Build.0 = Debug|Any CPU
		{5936FAC8-50B7-40E5-BC12-8828F75DA316}.Release|Any CPU.ActiveCfg = Release|Any CPU
		{5936FAC8-50B7-40E5-BC12-8828F75DA316}.Release|Any CPU.Build.0 = Release|Any CPU
	EndGlobalSection
	GlobalSection(NestedProjects) = preSolution
		{D41A113C-668E-43BC-8583-1CC6B53ACF78} = {161322E2-7D2D-48B1-B617-1465BF54D15E}
		{C56F8FE1-0553-4D3A-99D3-D253456E9B07} = {161322E2-7D2D-48B1-B617-1465BF54D15E}
		{D8EC5966-6ACE-4CF9-84C4-E2EC4A943605} = {DB455B87-419F-45CD-AA7A-5A3288E6B650}
		{E371CB48-8358-45FE-B833-B4278FDCDE71} = {DB455B87-419F-45CD-AA7A-5A3288E6B650}
		{500DAB1B-F82F-4ED8-B130-062B37405059} = {DB455B87-419F-45CD-AA7A-5A3288E6B650}
		{5E832FBF-85C7-44D2-81AA-E01DA8FB3CEE} = {DB455B87-419F-45CD-AA7A-5A3288E6B650}
		{5936FAC8-50B7-40E5-BC12-8828F75DA316} = {DB455B87-419F-45CD-AA7A-5A3288E6B650}
	EndGlobalSection
EndGlobal
